{
  "version": "5",
  "workspace": {
    "packageJson": {
      "dependencies": [
        "npm:@tangent.to/grad@0.3",
        "npm:@tangent.to/proba@0.2",
        "npm:esbuild@~0.25.11",
        "npm:typedoc-plugin-markdown@^4.4.0",
        "npm:typedoc@0.28",
        "npm:vitest@^1.6.0"
      ]
    }
  }
}
